<?xml version="1.0" encoding="utf-8"?>
<Project ToolsVersion="4.0" xmlns="http://schemas.microsoft.com/developer/msbuild/2003">
  <ItemGroup>
    <Filter Include="Source Files">
      <UniqueIdentifier>{4FC737F1-C7A5-4376-A066-2A32D752A2FF}</UniqueIdentifier>
      <Extensions>cpp;c;cc;cxx;def;odl;idl;hpj;bat;asm;asmx</Extensions>
    </Filter>
    <Filter Include="Header Files">
      <UniqueIdentifier>{93995380-89BD-4b04-88EB-625FBE52EBFB}</UniqueIdentifier>
      <Extensions>h;hh;hpp;hxx;hm;inl;inc;xsd</Extensions>
    </Filter>
    <Filter Include="Resource Files">
      <UniqueIdentifier>{67DA6AB6-F800-4c08-8B7A-83BB121AAD01}</UniqueIdentifier>
      <Extensions>rc;ico;cur;bmp;dlg;rc2;rct;bin;rgs;gif;jpg;jpeg;jpe;resx;tiff;tif;png;wav;mfcribbon-ms</Extensions>
    </Filter>
    <Filter Include="Core">
      <UniqueIdentifier>{066fd97b-b378-4e87-a7f0-bc070e454cca}</UniqueIdentifier>
    </Filter>
    <Filter Include="Timer">
      <UniqueIdentifier>{75fee8a3-af83-47c0-971d-9582df40f44f}</UniqueIdentifier>
    </Filter>
    <Filter Include="Graphics">
      <UniqueIdentifier>{34826490-5fcb-436b-a78f-d37194bc327f}</UniqueIdentifier>
    </Filter>
    <Filter Include="Object">
      <UniqueIdentifier>{0ba24a7b-a5fd-4d4c-8ccf-4a698f4c8f94}</UniqueIdentifier>
    </Filter>
    <Filter Include="GameLogic">
      <UniqueIdentifier>{e37cae7c-5b2e-49ea-b84a-29fa2504437f}</UniqueIdentifier>
    </Filter>
    <Filter Include="GameLogic\Controller">
      <UniqueIdentifier>{d6c57a49-57c8-44dc-a27f-2125c49d0b47}</UniqueIdentifier>
    </Filter>
  </ItemGroup>
  <ItemGroup>
    <ClCompile Include="vector3.cpp">
      <Filter>Source Files</Filter>
    </ClCompile>
    <ClCompile Include="mtx44.cpp">
      <Filter>Source Files</Filter>
    </ClCompile>
    <ClCompile Include="Engine.cpp">
      <Filter>Source Files</Filter>
    </ClCompile>
    <ClCompile Include="Application.cpp">
      <Filter>Source Files</Filter>
    </ClCompile>
    <ClCompile Include="Input.cpp">
      <Filter>Source Files</Filter>
    </ClCompile>
    <ClCompile Include="Graphics.cpp">
      <Filter>Source Files</Filter>
    </ClCompile>
    <ClCompile Include="Object.cpp">
      <Filter>Source Files</Filter>
    </ClCompile>
    <ClCompile Include="GameLogic.cpp">
      <Filter>Source Files</Filter>
    </ClCompile>
  </ItemGroup>
  <ItemGroup>
    <ClInclude Include="DebugUtil.hpp">
      <Filter>Header Files</Filter>
    </ClInclude>
    <ClInclude Include="ftl.hpp">
      <Filter>Header Files</Filter>
    </ClInclude>
    <ClInclude Include="vector3.hpp">
      <Filter>Header Files</Filter>
    </ClInclude>
    <ClInclude Include="mtx44.hpp">
      <Filter>Header Files</Filter>
    </ClInclude>
    <ClInclude Include="Engine.hpp">
      <Filter>Core</Filter>
    </ClInclude>
    <ClInclude Include="System.hpp">
      <Filter>Core</Filter>
    </ClInclude>
    <ClInclude Include="Application.hpp">
      <Filter>Core</Filter>
    </ClInclude>
    <ClInclude Include="Timer.hpp">
      <Filter>Timer</Filter>
    </ClInclude>
    <ClInclude Include="Input.hpp">
      <Filter>Core</Filter>
    </ClInclude>
    <ClInclude Include="Graphics.hpp">
      <Filter>Graphics</Filter>
    </ClInclude>
    <ClInclude Include="Component.hpp">
      <Filter>Object</Filter>
    </ClInclude>
    <ClInclude Include="Object.hpp">
      <Filter>Object</Filter>
    </ClInclude>
    <ClInclude Include="Transform.hpp">
      <Filter>Object</Filter>
    </ClInclude>
    <ClInclude Include="ComponentType.hpp">
      <Filter>Object</Filter>
    </ClInclude>
    <ClInclude Include="GameLogic.hpp">
      <Filter>GameLogic</Filter>
    </ClInclude>
    <ClInclude Include="Controller.hpp">
      <Filter>GameLogic\Controller</Filter>
    </ClInclude>
  </ItemGroup>
</Project>