<?xml version="1.0" encoding="utf-8"?>
<Project ToolsVersion="4.0" xmlns="http://schemas.microsoft.com/developer/msbuild/2003">
  <ItemGroup>
    <Filter Include="Core">
      <UniqueIdentifier>{066fd97b-b378-4e87-a7f0-bc070e454cca}</UniqueIdentifier>
    </Filter>
    <Filter Include="Object">
      <UniqueIdentifier>{0ba24a7b-a5fd-4d4c-8ccf-4a698f4c8f94}</UniqueIdentifier>
    </Filter>
    <Filter Include="Util">
      <UniqueIdentifier>{93995380-89BD-4b04-88EB-625FBE52EBFB}</UniqueIdentifier>
      <Extensions>h;hh;hpp;hxx;hm;inl;inc;xsd</Extensions>
    </Filter>
    <Filter Include="Core\Application">
      <UniqueIdentifier>{8e2b649a-42b8-493b-8544-935a489682af}</UniqueIdentifier>
    </Filter>
    <Filter Include="Core\Engine">
      <UniqueIdentifier>{ad8f5d09-8043-42cb-8ba8-d1b82e016af6}</UniqueIdentifier>
    </Filter>
    <Filter Include="Core\GameLogic">
      <UniqueIdentifier>{7f45d80c-9083-4c5e-b4b5-565ce32bbf1b}</UniqueIdentifier>
    </Filter>
    <Filter Include="Core\Graphics">
      <UniqueIdentifier>{9d65ac1f-f535-454f-957e-61fef9af4887}</UniqueIdentifier>
    </Filter>
    <Filter Include="Component">
      <UniqueIdentifier>{e37cae7c-5b2e-49ea-b84a-29fa2504437f}</UniqueIdentifier>
    </Filter>
    <Filter Include="Component\Controller">
      <UniqueIdentifier>{d6c57a49-57c8-44dc-a27f-2125c49d0b47}</UniqueIdentifier>
    </Filter>
    <Filter Include="Component\Transform">
      <UniqueIdentifier>{4d35feb5-694e-4c7b-8f42-c1e0c15861f7}</UniqueIdentifier>
    </Filter>
    <Filter Include="Util\Math">
      <UniqueIdentifier>{b78ffb77-cb80-4df3-8cff-6ab1472005a9}</UniqueIdentifier>
    </Filter>
    <Filter Include="Util\Math\Matrix">
      <UniqueIdentifier>{bef73e0d-fc41-40dc-b8c2-f866d919a87b}</UniqueIdentifier>
    </Filter>
    <Filter Include="Util\Math\Vector">
      <UniqueIdentifier>{0d5c3502-c460-4dd1-9ef1-e16b1b617140}</UniqueIdentifier>
    </Filter>
    <Filter Include="Core\Physics">
      <UniqueIdentifier>{bd9842ee-c845-4e3e-9b11-973ad2cce14c}</UniqueIdentifier>
    </Filter>
    <Filter Include="Component\Sprite">
      <UniqueIdentifier>{4191b4dc-3494-4d43-85df-28ca12c06072}</UniqueIdentifier>
    </Filter>
    <Filter Include="Core\Factory">
      <UniqueIdentifier>{4df17421-5b7b-4893-be84-d05e345788cb}</UniqueIdentifier>
    </Filter>
    <Filter Include="Core\Application\Input">
      <UniqueIdentifier>{ca287cf1-21ac-4d6f-8d56-e93fe9918a78}</UniqueIdentifier>
    </Filter>
    <Filter Include="Core\Application\Timer">
      <UniqueIdentifier>{6367379d-ea52-4efa-a423-a06c1364890e}</UniqueIdentifier>
    </Filter>
    <Filter Include="Component\Rigidbody">
      <UniqueIdentifier>{91ef322a-cb94-4e0d-b659-580e1d59f6d5}</UniqueIdentifier>
    </Filter>
  </ItemGroup>
  <ItemGroup>
    <ClCompile Include="Object.cpp">
      <Filter>Object</Filter>
    </ClCompile>
    <ClCompile Include="Application.cpp">
      <Filter>Core\Application</Filter>
    </ClCompile>
    <ClCompile Include="Engine.cpp">
      <Filter>Core\Engine</Filter>
    </ClCompile>
    <ClCompile Include="GameLogic.cpp">
      <Filter>Core\GameLogic</Filter>
    </ClCompile>
    <ClCompile Include="Graphics.cpp">
      <Filter>Core\Graphics</Filter>
    </ClCompile>
    <ClCompile Include="vector3.cpp">
      <Filter>Util\Math\Vector</Filter>
    </ClCompile>
    <ClCompile Include="mtx44.cpp">
      <Filter>Util\Math\Matrix</Filter>
    </ClCompile>
    <ClCompile Include="Input.cpp">
      <Filter>Core\Application\Input</Filter>
    </ClCompile>
    <ClCompile Include="Factory.cpp">
      <Filter>Core\Factory</Filter>
    </ClCompile>
    <ClCompile Include="Physics.cpp">
      <Filter>Core\Physics</Filter>
    </ClCompile>
    <ClCompile Include="Sprite.cpp">
      <Filter>Component\Sprite</Filter>
    </ClCompile>
    <ClCompile Include="Controller.cpp">
      <Filter>Component\Controller</Filter>
    </ClCompile>
    <ClCompile Include="Rigidbody.cpp">
      <Filter>Component\Rigidbody</Filter>
    </ClCompile>
  </ItemGroup>
  <ItemGroup>
    <ClInclude Include="DebugUtil.hpp">
      <Filter>Util</Filter>
    </ClInclude>
    <ClInclude Include="ftl.hpp">
      <Filter>Util</Filter>
    </ClInclude>
    <ClInclude Include="System.hpp">
      <Filter>Core</Filter>
    </ClInclude>
    <ClInclude Include="Controller.hpp">
      <Filter>Component\Controller</Filter>
    </ClInclude>
    <ClInclude Include="Object.hpp">
      <Filter>Object</Filter>
    </ClInclude>
    <ClInclude Include="Application.hpp">
      <Filter>Core\Application</Filter>
    </ClInclude>
    <ClInclude Include="Engine.hpp">
      <Filter>Core\Engine</Filter>
    </ClInclude>
    <ClInclude Include="GameLogic.hpp">
      <Filter>Core\GameLogic</Filter>
    </ClInclude>
    <ClInclude Include="Graphics.hpp">
      <Filter>Core\Graphics</Filter>
    </ClInclude>
    <ClInclude Include="Component.hpp">
      <Filter>Component</Filter>
    </ClInclude>
    <ClInclude Include="ComponentType.hpp">
      <Filter>Component</Filter>
    </ClInclude>
    <ClInclude Include="Transform.hpp">
      <Filter>Component\Transform</Filter>
    </ClInclude>
    <ClInclude Include="vector3.hpp">
      <Filter>Util\Math\Vector</Filter>
    </ClInclude>
    <ClInclude Include="mtx44.hpp">
      <Filter>Util\Math\Matrix</Filter>
    </ClInclude>
    <ClInclude Include="Input.hpp">
      <Filter>Core\Application\Input</Filter>
    </ClInclude>
    <ClInclude Include="Physics.hpp">
      <Filter>Core\Physics</Filter>
    </ClInclude>
    <ClInclude Include="Sprite.hpp">
      <Filter>Component\Sprite</Filter>
    </ClInclude>
    <ClInclude Include="Factory.hpp">
      <Filter>Core\Factory</Filter>
    </ClInclude>
    <ClInclude Include="MyInput.hpp">
      <Filter>Core\Application\Input</Filter>
    </ClInclude>
    <ClInclude Include="Timer.hpp">
      <Filter>Core\Application\Timer</Filter>
    </ClInclude>
    <ClInclude Include="Rigidbody.hpp">
      <Filter>Component\Rigidbody</Filter>
    </ClInclude>
  </ItemGroup>
</Project>